
Microsoft Visual Studio Solution File, Format Version 12.00
# Visual Studio Version 16
VisualStudioVersion = 16.0.31229.75
MinimumVisualStudioVersion = 10.0.40219.1
Project("{9A19103F-16F7-4668-BE54-9A1E7A4F7556}") = "WilliamPersonalMultiTool", "WilliamPersonalMultiTool.csproj", "{BB061F30-A05D-47AC-9450-973FADFF62BC}"
EndProject
Project("{FAE04EC0-301F-11D3-BF4B-00C04F79EFBC}") = "WilliamPersonalMultiTool.Tests", "WilliamPersonalMultiTool.Tests\WilliamPersonalMultiTool.Tests.csproj", "{41F9252B-585D-42D0-9C00-6C6FC05DD7AE}"
EndProject
Global
	GlobalSection(SolutionConfigurationPlatforms) = preSolution
		Debug|Any CPU = Debug|Any CPU
		Release|Any CPU = Release|Any CPU
	EndGlobalSection
	GlobalSection(ProjectConfigurationPlatforms) = postSolution
		{BB061F30-A05D-47AC-9450-973FADFF62BC}.Debug|Any CPU.ActiveCfg = Debug|Any CPU
		{BB061F30-A05D-47AC-9450-973FADFF62BC}.Debug|Any CPU.Build.0 = Debug|Any CPU
		{BB061F30-A05D-47AC-9450-973FADFF62BC}.Release|Any CPU.ActiveCfg = Release|Any CPU
		{BB061F30-A05D-47AC-9450-973FADFF62BC}.Release|Any CPU.Build.0 = Release|Any CPU
		{41F9252B-585D-42D0-9C00-6C6FC05DD7AE}.Debug|Any CPU.ActiveCfg = Debug|Any CPU
		{41F9252B-585D-42D0-9C00-6C6FC05DD7AE}.Debug|Any CPU.Build.0 = Debug|Any CPU
		{41F9252B-585D-42D0-9C00-6C6FC05DD7AE}.Release|Any CPU.ActiveCfg = Release|Any CPU
		{41F9252B-585D-42D0-9C00-6C6FC05DD7AE}.Release|Any CPU.Build.0 = Release|Any CPU
	EndGlobalSection
	GlobalSection(SolutionProperties) = preSolution
		HideSolutionNode = FALSE
	EndGlobalSection
	GlobalSection(ExtensibilityGlobals) = postSolution
		SolutionGuid = {D24744B9-3FDF-4568-9B2E-B707FD521C88}
	EndGlobalSection
EndGlobal
